
Microsoft Visual Studio Solution File, Format Version 12.00
# Visual Studio Version 17
VisualStudioVersion = 17.14.36109.1 d17.14
MinimumVisualStudioVersion = 10.0.40219.1
Project("{FAE04EC0-301F-11D3-BF4B-00C04F79EFBC}") = "DWC-Desktop", "DWC-Desktop\DWC-Desktop.csproj", "{656E07B3-92BE-4111-B9F7-4D446C432A5E}"
EndProject
Global
	GlobalSection(SolutionConfigurationPlatforms) = preSolution
		Debug|Any CPU = Debug|Any CPU
		Release|Any CPU = Release|Any CPU
	EndGlobalSection
	GlobalSection(ProjectConfigurationPlatforms) = postSolution
		{656E07B3-92BE-4111-B9F7-4D446C432A5E}.Debug|Any CPU.ActiveCfg = Debug|Any CPU
		{656E07B3-92BE-4111-B9F7-4D446C432A5E}.Debug|Any CPU.Build.0 = Debug|Any CPU
		{656E07B3-92BE-4111-B9F7-4D446C432A5E}.Release|Any CPU.ActiveCfg = Release|Any CPU
		{656E07B3-92BE-4111-B9F7-4D446C432A5E}.Release|Any CPU.Build.0 = Release|Any CPU
	EndGlobalSection
	GlobalSection(SolutionProperties) = preSolution
		HideSolutionNode = FALSE
	EndGlobalSection
	GlobalSection(ExtensibilityGlobals) = postSolution
		SolutionGuid = {F701E698-6EFE-4FF2-8FD1-DDA08D43AD7D}
	EndGlobalSection
EndGlobal
